// !$*UTF8*$!
{
	archiveVersion = 1;
	classes = {
	};
	objectVersion = 50;
	objects = {

/* Begin PBXBuildFile section */
		2B59B49926BC7A880059C0CF /* CodeTextView.swift in Sources */ = {isa = PBXBuildFile; fileRef = 2B59B49826BC7A880059C0CF /* CodeTextView.swift */; };
		2B740F0D26B9F5F700F15CCC /* LearningApp.swift in Sources */ = {isa = PBXBuildFile; fileRef = 2B740F0C26B9F5F700F15CCC /* LearningApp.swift */; };
		2B740F0F26B9F5F700F15CCC /* HomeView.swift in Sources */ = {isa = PBXBuildFile; fileRef = 2B740F0E26B9F5F700F15CCC /* HomeView.swift */; };
		2B740F1126B9F5F700F15CCC /* Assets.xcassets in Resources */ = {isa = PBXBuildFile; fileRef = 2B740F1026B9F5F700F15CCC /* Assets.xcassets */; };
		2B740F1426B9F5F700F15CCC /* Preview Assets.xcassets in Resources */ = {isa = PBXBuildFile; fileRef = 2B740F1326B9F5F700F15CCC /* Preview Assets.xcassets */; };
		2B740F2126B9F6C800F15CCC /* ContentModel.swift in Sources */ = {isa = PBXBuildFile; fileRef = 2B740F2026B9F6C800F15CCC /* ContentModel.swift */; };
		2B740F2426B9F8D500F15CCC /* style.html in Resources */ = {isa = PBXBuildFile; fileRef = 2B740F2226B9F8D500F15CCC /* style.html */; };
		2B740F2526B9F8D500F15CCC /* data.json in Resources */ = {isa = PBXBuildFile; fileRef = 2B740F2326B9F8D500F15CCC /* data.json */; };
		2B740F2726B9FD7300F15CCC /* Models.swift in Sources */ = {isa = PBXBuildFile; fileRef = 2B740F2626B9FD7300F15CCC /* Models.swift */; };
		2B740F2926BA2F3400F15CCC /* HomeViewRow.swift in Sources */ = {isa = PBXBuildFile; fileRef = 2B740F2826BA2F3400F15CCC /* HomeViewRow.swift */; };
		2B740F2B26BAF78B00F15CCC /* ContentView.swift in Sources */ = {isa = PBXBuildFile; fileRef = 2B740F2A26BAF78B00F15CCC /* ContentView.swift */; };
		2B740F2D26BB568000F15CCC /* ContentViewRow.swift in Sources */ = {isa = PBXBuildFile; fileRef = 2B740F2C26BB568000F15CCC /* ContentViewRow.swift */; };
		2B740F2F26BC4E7B00F15CCC /* ContentDetailView.swift in Sources */ = {isa = PBXBuildFile; fileRef = 2B740F2E26BC4E7B00F15CCC /* ContentDetailView.swift */; };
		2B740F3226BC509B00F15CCC /* AVKit.framework in Frameworks */ = {isa = PBXBuildFile; fileRef = 2B740F3126BC509B00F15CCC /* AVKit.framework */; };
		2B740F3426BC51C000F15CCC /* Constants.swift in Sources */ = {isa = PBXBuildFile; fileRef = 2B740F3326BC51C000F15CCC /* Constants.swift */; };
/* End PBXBuildFile section */

/* Begin PBXFileReference section */
		2B59B49826BC7A880059C0CF /* CodeTextView.swift */ = {isa = PBXFileReference; lastKnownFileType = sourcecode.swift; path = CodeTextView.swift; sourceTree = "<group>"; };
		2B740F0926B9F5F700F15CCC /* LearningApp.app */ = {isa = PBXFileReference; explicitFileType = wrapper.application; includeInIndex = 0; path = LearningApp.app; sourceTree = BUILT_PRODUCTS_DIR; };
		2B740F0C26B9F5F700F15CCC /* LearningApp.swift */ = {isa = PBXFileReference; lastKnownFileType = sourcecode.swift; path = LearningApp.swift; sourceTree = "<group>"; };
		2B740F0E26B9F5F700F15CCC /* HomeView.swift */ = {isa = PBXFileReference; lastKnownFileType = sourcecode.swift; path = HomeView.swift; sourceTree = "<group>"; };
		2B740F1026B9F5F700F15CCC /* Assets.xcassets */ = {isa = PBXFileReference; lastKnownFileType = folder.assetcatalog; path = Assets.xcassets; sourceTree = "<group>"; };
		2B740F1326B9F5F700F15CCC /* Preview Assets.xcassets */ = {isa = PBXFileReference; lastKnownFileType = folder.assetcatalog; path = "Preview Assets.xcassets"; sourceTree = "<group>"; };
		2B740F1526B9F5F700F15CCC /* Info.plist */ = {isa = PBXFileReference; lastKnownFileType = text.plist.xml; path = Info.plist; sourceTree = "<group>"; };
		2B740F2026B9F6C800F15CCC /* ContentModel.swift */ = {isa = PBXFileReference; lastKnownFileType = sourcecode.swift; path = ContentModel.swift; sourceTree = "<group>"; };
		2B740F2226B9F8D500F15CCC /* style.html */ = {isa = PBXFileReference; fileEncoding = 4; lastKnownFileType = text.html; path = style.html; sourceTree = "<group>"; };
		2B740F2326B9F8D500F15CCC /* data.json */ = {isa = PBXFileReference; fileEncoding = 4; lastKnownFileType = text.json; path = data.json; sourceTree = "<group>"; };
		2B740F2626B9FD7300F15CCC /* Models.swift */ = {isa = PBXFileReference; lastKnownFileType = sourcecode.swift; path = Models.swift; sourceTree = "<group>"; };
		2B740F2826BA2F3400F15CCC /* HomeViewRow.swift */ = {isa = PBXFileReference; lastKnownFileType = sourcecode.swift; path = HomeViewRow.swift; sourceTree = "<group>"; };
		2B740F2A26BAF78B00F15CCC /* ContentView.swift */ = {isa = PBXFileReference; lastKnownFileType = sourcecode.swift; path = ContentView.swift; sourceTree = "<group>"; };
		2B740F2C26BB568000F15CCC /* ContentViewRow.swift */ = {isa = PBXFileReference; lastKnownFileType = sourcecode.swift; path = ContentViewRow.swift; sourceTree = "<group>"; };
		2B740F2E26BC4E7B00F15CCC /* ContentDetailView.swift */ = {isa = PBXFileReference; lastKnownFileType = sourcecode.swift; path = ContentDetailView.swift; sourceTree = "<group>"; };
		2B740F3126BC509B00F15CCC /* AVKit.framework */ = {isa = PBXFileReference; lastKnownFileType = wrapper.framework; name = AVKit.framework; path = System/Library/Frameworks/AVKit.framework; sourceTree = SDKROOT; };
		2B740F3326BC51C000F15CCC /* Constants.swift */ = {isa = PBXFileReference; lastKnownFileType = sourcecode.swift; path = Constants.swift; sourceTree = "<group>"; };
/* End PBXFileReference section */

/* Begin PBXFrameworksBuildPhase section */
		2B740F0626B9F5F700F15CCC /* Frameworks */ = {
			isa = PBXFrameworksBuildPhase;
			buildActionMask = 2147483647;
			files = (
				2B740F3226BC509B00F15CCC /* AVKit.framework in Frameworks */,
			);
			runOnlyForDeploymentPostprocessing = 0;
		};
/* End PBXFrameworksBuildPhase section */

/* Begin PBXGroup section */
		2B740F0026B9F5F700F15CCC = {
			isa = PBXGroup;
			children = (
				2B740F0B26B9F5F700F15CCC /* LearningApp */,
				2B740F0A26B9F5F700F15CCC /* Products */,
				2B740F3026BC509B00F15CCC /* Frameworks */,
			);
			sourceTree = "<group>";
		};
		2B740F0A26B9F5F700F15CCC /* Products */ = {
			isa = PBXGroup;
			children = (
				2B740F0926B9F5F700F15CCC /* LearningApp.app */,
			);
			name = Products;
			sourceTree = "<group>";
		};
		2B740F0B26B9F5F700F15CCC /* LearningApp */ = {
			isa = PBXGroup;
			children = (
				2B740F0C26B9F5F700F15CCC /* LearningApp.swift */,
				2B740F1B26B9F66800F15CCC /* Views */,
				2B740F1C26B9F66F00F15CCC /* ViewModels */,
				2B740F1D26B9F67400F15CCC /* Models */,
				2B740F1E26B9F67A00F15CCC /* Resources */,
				2B740F1F26B9F68100F15CCC /* Helpers */,
				2B740F1026B9F5F700F15CCC /* Assets.xcassets */,
				2B740F1526B9F5F700F15CCC /* Info.plist */,
				2B740F1226B9F5F700F15CCC /* Preview Content */,
			);
			path = LearningApp;
			sourceTree = "<group>";
		};
		2B740F1226B9F5F700F15CCC /* Preview Content */ = {
			isa = PBXGroup;
			children = (
				2B740F1326B9F5F700F15CCC /* Preview Assets.xcassets */,
			);
			path = "Preview Content";
			sourceTree = "<group>";
		};
		2B740F1B26B9F66800F15CCC /* Views */ = {
			isa = PBXGroup;
			children = (
				2B740F0E26B9F5F700F15CCC /* HomeView.swift */,
				2B740F2826BA2F3400F15CCC /* HomeViewRow.swift */,
				2B740F2A26BAF78B00F15CCC /* ContentView.swift */,
				2B740F2C26BB568000F15CCC /* ContentViewRow.swift */,
				2B740F2E26BC4E7B00F15CCC /* ContentDetailView.swift */,
				2B59B49826BC7A880059C0CF /* CodeTextView.swift */,
			);
			path = Views;
			sourceTree = "<group>";
		};
		2B740F1C26B9F66F00F15CCC /* ViewModels */ = {
			isa = PBXGroup;
			children = (
				2B740F2026B9F6C800F15CCC /* ContentModel.swift */,
			);
			path = ViewModels;
			sourceTree = "<group>";
		};
		2B740F1D26B9F67400F15CCC /* Models */ = {
			isa = PBXGroup;
			children = (
				2B740F2626B9FD7300F15CCC /* Models.swift */,
			);
			path = Models;
			sourceTree = "<group>";
		};
		2B740F1E26B9F67A00F15CCC /* Resources */ = {
			isa = PBXGroup;
			children = (
				2B740F2326B9F8D500F15CCC /* data.json */,
				2B740F2226B9F8D500F15CCC /* style.html */,
				2B740F3326BC51C000F15CCC /* Constants.swift */,
			);
			path = Resources;
			sourceTree = "<group>";
		};
		2B740F1F26B9F68100F15CCC /* Helpers */ = {
			isa = PBXGroup;
			children = (
			);
			path = Helpers;
			sourceTree = "<group>";
		};
		2B740F3026BC509B00F15CCC /* Frameworks */ = {
			isa = PBXGroup;
			children = (
				2B740F3126BC509B00F15CCC /* AVKit.framework */,
			);
			name = Frameworks;
			sourceTree = "<group>";
		};
/* End PBXGroup section */

/* Begin PBXNativeTarget section */
		2B740F0826B9F5F700F15CCC /* LearningApp */ = {
			isa = PBXNativeTarget;
			buildConfigurationList = 2B740F1826B9F5F700F15CCC /* Build configuration list for PBXNativeTarget "LearningApp" */;
			buildPhases = (
				2B740F0526B9F5F700F15CCC /* Sources */,
				2B740F0626B9F5F700F15CCC /* Frameworks */,
				2B740F0726B9F5F700F15CCC /* Resources */,
			);
			buildRules = (
			);
			dependencies = (
			);
			name = LearningApp;
			productName = LearningApp;
			productReference = 2B740F0926B9F5F700F15CCC /* LearningApp.app */;
			productType = "com.apple.product-type.application";
		};
/* End PBXNativeTarget section */

/* Begin PBXProject section */
		2B740F0126B9F5F700F15CCC /* Project object */ = {
			isa = PBXProject;
			attributes = {
				LastSwiftUpdateCheck = 1250;
				LastUpgradeCheck = 1250;
				TargetAttributes = {
					2B740F0826B9F5F700F15CCC = {
						CreatedOnToolsVersion = 12.5.1;
					};
				};
			};
			buildConfigurationList = 2B740F0426B9F5F700F15CCC /* Build configuration list for PBXProject "LearningApp" */;
			compatibilityVersion = "Xcode 9.3";
			developmentRegion = en;
			hasScannedForEncodings = 0;
			knownRegions = (
				en,
				Base,
			);
			mainGroup = 2B740F0026B9F5F700F15CCC;
			productRefGroup = 2B740F0A26B9F5F700F15CCC /* Products */;
			projectDirPath = "";
			projectRoot = "";
			targets = (
				2B740F0826B9F5F700F15CCC /* LearningApp */,
			);
		};
/* End PBXProject section */

/* Begin PBXResourcesBuildPhase section */
		2B740F0726B9F5F700F15CCC /* Resources */ = {
			isa = PBXResourcesBuildPhase;
			buildActionMask = 2147483647;
			files = (
				2B740F2426B9F8D500F15CCC /* style.html in Resources */,
				2B740F1426B9F5F700F15CCC /* Preview Assets.xcassets in Resources */,
				2B740F1126B9F5F700F15CCC /* Assets.xcassets in Resources */,
				2B740F2526B9F8D500F15CCC /* data.json in Resources */,
			);
			runOnlyForDeploymentPostprocessing = 0;
		};
/* End PBXResourcesBuildPhase section */

/* Begin PBXSourcesBuildPhase section */
		2B740F0526B9F5F700F15CCC /* Sources */ = {
			isa = PBXSourcesBuildPhase;
			buildActionMask = 2147483647;
			files = (
				2B740F0F26B9F5F700F15CCC /* HomeView.swift in Sources */,
				2B740F2926BA2F3400F15CCC /* HomeViewRow.swift in Sources */,
				2B740F2B26BAF78B00F15CCC /* ContentView.swift in Sources */,
				2B740F2F26BC4E7B00F15CCC /* ContentDetailView.swift in Sources */,
				2B740F0D26B9F5F700F15CCC /* LearningApp.swift in Sources */,
				2B740F2D26BB568000F15CCC /* ContentViewRow.swift in Sources */,
				2B59B49926BC7A880059C0CF /* CodeTextView.swift in Sources */,
				2B740F2126B9F6C800F15CCC /* ContentModel.swift in Sources */,
				2B740F2726B9FD7300F15CCC /* Models.swift in Sources */,
				2B740F3426BC51C000F15CCC /* Constants.swift in Sources */,
			);
			runOnlyForDeploymentPostprocessing = 0;
		};
/* End PBXSourcesBuildPhase section */

/* Begin XCBuildConfiguration section */
		2B740F1626B9F5F700F15CCC /* Debug */ = {
			isa = XCBuildConfiguration;
			buildSettings = {
				ALWAYS_SEARCH_USER_PATHS = NO;
				CLANG_ANALYZER_NONNULL = YES;
				CLANG_ANALYZER_NUMBER_OBJECT_CONVERSION = YES_AGGRESSIVE;
				CLANG_CXX_LANGUAGE_STANDARD = "gnu++14";
				CLANG_CXX_LIBRARY = "libc++";
				CLANG_ENABLE_MODULES = YES;
				CLANG_ENABLE_OBJC_ARC = YES;
				CLANG_ENABLE_OBJC_WEAK = YES;
				CLANG_WARN_BLOCK_CAPTURE_AUTORELEASING = YES;
				CLANG_WARN_BOOL_CONVERSION = YES;
				CLANG_WARN_COMMA = YES;
				CLANG_WARN_CONSTANT_CONVERSION = YES;
				CLANG_WARN_DEPRECATED_OBJC_IMPLEMENTATIONS = YES;
				CLANG_WARN_DIRECT_OBJC_ISA_USAGE = YES_ERROR;
				CLANG_WARN_DOCUMENTATION_COMMENTS = YES;
				CLANG_WARN_EMPTY_BODY = YES;
				CLANG_WARN_ENUM_CONVERSION = YES;
				CLANG_WARN_INFINITE_RECURSION = YES;
				CLANG_WARN_INT_CONVERSION = YES;
				CLANG_WARN_NON_LITERAL_NULL_CONVERSION = YES;
				CLANG_WARN_OBJC_IMPLICIT_RETAIN_SELF = YES;
				CLANG_WARN_OBJC_LITERAL_CONVERSION = YES;
				CLANG_WARN_OBJC_ROOT_CLASS = YES_ERROR;
				CLANG_WARN_QUOTED_INCLUDE_IN_FRAMEWORK_HEADER = YES;
				CLANG_WARN_RANGE_LOOP_ANALYSIS = YES;
				CLANG_WARN_STRICT_PROTOTYPES = YES;
				CLANG_WARN_SUSPICIOUS_MOVE = YES;
				CLANG_WARN_UNGUARDED_AVAILABILITY = YES_AGGRESSIVE;
				CLANG_WARN_UNREACHABLE_CODE = YES;
				CLANG_WARN__DUPLICATE_METHOD_MATCH = YES;
				COPY_PHASE_STRIP = NO;
				DEBUG_INFORMATION_FORMAT = dwarf;
				ENABLE_STRICT_OBJC_MSGSEND = YES;
				ENABLE_TESTABILITY = YES;
				GCC_C_LANGUAGE_STANDARD = gnu11;
				GCC_DYNAMIC_NO_PIC = NO;
				GCC_NO_COMMON_BLOCKS = YES;
				GCC_OPTIMIZATION_LEVEL = 0;
				GCC_PREPROCESSOR_DEFINITIONS = (
					"DEBUG=1",
					"$(inherited)",
				);
				GCC_WARN_64_TO_32_BIT_CONVERSION = YES;
				GCC_WARN_ABOUT_RETURN_TYPE = YES_ERROR;
				GCC_WARN_UNDECLARED_SELECTOR = YES;
				GCC_WARN_UNINITIALIZED_AUTOS = YES_AGGRESSIVE;
				GCC_WARN_UNUSED_FUNCTION = YES;
				GCC_WARN_UNUSED_VARIABLE = YES;
				IPHONEOS_DEPLOYMENT_TARGET = 14.5;
				MTL_ENABLE_DEBUG_INFO = INCLUDE_SOURCE;
				MTL_FAST_MATH = YES;
				ONLY_ACTIVE_ARCH = YES;
				SDKROOT = iphoneos;
				SWIFT_ACTIVE_COMPILATION_CONDITIONS = DEBUG;
				SWIFT_OPTIMIZATION_LEVEL = "-Onone";
			};
			name = Debug;
		};
		2B740F1726B9F5F700F15CCC /* Release */ = {
			isa = XCBuildConfiguration;
			buildSettings = {
				ALWAYS_SEARCH_USER_PATHS = NO;
				CLANG_ANALYZER_NONNULL = YES;
				CLANG_ANALYZER_NUMBER_OBJECT_CONVERSION = YES_AGGRESSIVE;
				CLANG_CXX_LANGUAGE_STANDARD = "gnu++14";
				CLANG_CXX_LIBRARY = "libc++";
				CLANG_ENABLE_MODULES = YES;
				CLANG_ENABLE_OBJC_ARC = YES;
				CLANG_ENABLE_OBJC_WEAK = YES;
				CLANG_WARN_BLOCK_CAPTURE_AUTORELEASING = YES;
				CLANG_WARN_BOOL_CONVERSION = YES;
				CLANG_WARN_COMMA = YES;
				CLANG_WARN_CONSTANT_CONVERSION = YES;
				CLANG_WARN_DEPRECATED_OBJC_IMPLEMENTATIONS = YES;
				CLANG_WARN_DIRECT_OBJC_ISA_USAGE = YES_ERROR;
				CLANG_WARN_DOCUMENTATION_COMMENTS = YES;
				CLANG_WARN_EMPTY_BODY = YES;
				CLANG_WARN_ENUM_CONVERSION = YES;
				CLANG_WARN_INFINITE_RECURSION = YES;
				CLANG_WARN_INT_CONVERSION = YES;
				CLANG_WARN_NON_LITERAL_NULL_CONVERSION = YES;
				CLANG_WARN_OBJC_IMPLICIT_RETAIN_SELF = YES;
				CLANG_WARN_OBJC_LITERAL_CONVERSION = YES;
				CLANG_WARN_OBJC_ROOT_CLASS = YES_ERROR;
				CLANG_WARN_QUOTED_INCLUDE_IN_FRAMEWORK_HEADER = YES;
				CLANG_WARN_RANGE_LOOP_ANALYSIS = YES;
				CLANG_WARN_STRICT_PROTOTYPES = YES;
				CLANG_WARN_SUSPICIOUS_MOVE = YES;
				CLANG_WARN_UNGUARDED_AVAILABILITY = YES_AGGRESSIVE;
				CLANG_WARN_UNREACHABLE_CODE = YES;
				CLANG_WARN__DUPLICATE_METHOD_MATCH = YES;
				COPY_PHASE_STRIP = NO;
				DEBUG_INFORMATION_FORMAT = "dwarf-with-dsym";
				ENABLE_NS_ASSERTIONS = NO;
				ENABLE_STRICT_OBJC_MSGSEND = YES;
				GCC_C_LANGUAGE_STANDARD = gnu11;
				GCC_NO_COMMON_BLOCKS = YES;
				GCC_WARN_64_TO_32_BIT_CONVERSION = YES;
				GCC_WARN_ABOUT_RETURN_TYPE = YES_ERROR;
				GCC_WARN_UNDECLARED_SELECTOR = YES;
				GCC_WARN_UNINITIALIZED_AUTOS = YES_AGGRESSIVE;
				GCC_WARN_UNUSED_FUNCTION = YES;
				GCC_WARN_UNUSED_VARIABLE = YES;
				IPHONEOS_DEPLOYMENT_TARGET = 14.5;
				MTL_ENABLE_DEBUG_INFO = NO;
				MTL_FAST_MATH = YES;
				SDKROOT = iphoneos;
				SWIFT_COMPILATION_MODE = wholemodule;
				SWIFT_OPTIMIZATION_LEVEL = "-O";
				VALIDATE_PRODUCT = YES;
			};
			name = Release;
		};
		2B740F1926B9F5F700F15CCC /* Debug */ = {
			isa = XCBuildConfiguration;
			buildSettings = {
				ASSETCATALOG_COMPILER_APPICON_NAME = AppIcon;
				ASSETCATALOG_COMPILER_GLOBAL_ACCENT_COLOR_NAME = AccentColor;
				CODE_SIGN_STYLE = Automatic;
				DEVELOPMENT_ASSET_PATHS = "\"LearningApp/Preview Content\"";
				DEVELOPMENT_TEAM = HQ26AHGMA4;
				ENABLE_PREVIEWS = YES;
				INFOPLIST_FILE = LearningApp/Info.plist;
				IPHONEOS_DEPLOYMENT_TARGET = 14.0;
				LD_RUNPATH_SEARCH_PATHS = (
					"$(inherited)",
					"@executable_path/Frameworks",
				);
				PRODUCT_BUNDLE_IDENTIFIER = com.ed.LearningApp;
				PRODUCT_NAME = "$(TARGET_NAME)";
				SWIFT_VERSION = 5.0;
				TARGETED_DEVICE_FAMILY = "1,2";
			};
			name = Debug;
		};
		2B740F1A26B9F5F700F15CCC /* Release */ = {
			isa = XCBuildConfiguration;
			buildSettings = {
				ASSETCATALOG_COMPILER_APPICON_NAME = AppIcon;
				ASSETCATALOG_COMPILER_GLOBAL_ACCENT_COLOR_NAME = AccentColor;
				CODE_SIGN_STYLE = Automatic;
				DEVELOPMENT_ASSET_PATHS = "\"LearningApp/Preview Content\"";
				DEVELOPMENT_TEAM = HQ26AHGMA4;
				ENABLE_PREVIEWS = YES;
				INFOPLIST_FILE = LearningApp/Info.plist;
				IPHONEOS_DEPLOYMENT_TARGET = 14.0;
				LD_RUNPATH_SEARCH_PATHS = (
					"$(inherited)",
					"@executable_path/Frameworks",
				);
				PRODUCT_BUNDLE_IDENTIFIER = com.ed.LearningApp;
				PRODUCT_NAME = "$(TARGET_NAME)";
				SWIFT_VERSION = 5.0;
				TARGETED_DEVICE_FAMILY = "1,2";
			};
			name = Release;
		};
/* End XCBuildConfiguration section */

/* Begin XCConfigurationList section */
		2B740F0426B9F5F700F15CCC /* Build configuration list for PBXProject "LearningApp" */ = {
			isa = XCConfigurationList;
			buildConfigurations = (
				2B740F1626B9F5F700F15CCC /* Debug */,
				2B740F1726B9F5F700F15CCC /* Release */,
			);
			defaultConfigurationIsVisible = 0;
			defaultConfigurationName = Release;
		};
		2B740F1826B9F5F700F15CCC /* Build configuration list for PBXNativeTarget "LearningApp" */ = {
			isa = XCConfigurationList;
			buildConfigurations = (
				2B740F1926B9F5F700F15CCC /* Debug */,
				2B740F1A26B9F5F700F15CCC /* Release */,
			);
			defaultConfigurationIsVisible = 0;
			defaultConfigurationName = Release;
		};
/* End XCConfigurationList section */
	};
	rootObject = 2B740F0126B9F5F700F15CCC /* Project object */;
}
